// !$*UTF8*$!
{
	archiveVersion = 1;
	classes = {
	};
	objectVersion = 77;
	objects = {

/* Begin PBXContainerItemProxy section */
		71DDEA002E80F938006C47C4 /* PBXContainerItemProxy */ = {
			isa = PBXContainerItemProxy;
			containerPortal = 71DDE9E72E80F938006C47C4 /* Project object */;
			proxyType = 1;
			remoteGlobalIDString = 71DDE9EE2E80F938006C47C4;
			remoteInfo = flagsQuiz;
		};
		71DDEA0A2E80F938006C47C4 /* PBXContainerItemProxy */ = {
			isa = PBXContainerItemProxy;
			containerPortal = 71DDE9E72E80F938006C47C4 /* Project object */;
			proxyType = 1;
			remoteGlobalIDString = 71DDE9EE2E80F938006C47C4;
			remoteInfo = flagsQuiz;
		};
/* End PBXContainerItemProxy section */

/* Begin PBXFileReference section */
		71DDE9EF2E80F938006C47C4 /* flagsQuiz.app */ = {isa = PBXFileReference; explicitFileType = wrapper.application; includeInIndex = 0; path = flagsQuiz.app; sourceTree = BUILT_PRODUCTS_DIR; };
		71DDE9FF2E80F938006C47C4 /* flagsQuizTests.xctest */ = {isa = PBXFileReference; explicitFileType = wrapper.cfbundle; includeInIndex = 0; path = flagsQuizTests.xctest; sourceTree = BUILT_PRODUCTS_DIR; };
		71DDEA092E80F938006C47C4 /* flagsQuizUITests.xctest */ = {isa = PBXFileReference; explicitFileType = wrapper.cfbundle; includeInIndex = 0; path = flagsQuizUITests.xctest; sourceTree = BUILT_PRODUCTS_DIR; };
/* End PBXFileReference section */

/* Begin PBXFileSystemSynchronizedRootGroup section */
		71DDE9F12E80F938006C47C4 /* flagsQuiz */ = {
			isa = PBXFileSystemSynchronizedRootGroup;
			path = flagsQuiz;
			sourceTree = "<group>";
		};
		71DDEA022E80F938006C47C4 /* flagsQuizTests */ = {
			isa = PBXFileSystemSynchronizedRootGroup;
			path = flagsQuizTests;
			sourceTree = "<group>";
		};
		71DDEA0C2E80F938006C47C4 /* flagsQuizUITests */ = {
			isa = PBXFileSystemSynchronizedRootGroup;
			path = flagsQuizUITests;
			sourceTree = "<group>";
		};
/* End PBXFileSystemSynchronizedRootGroup section */

/* Begin PBXFrameworksBuildPhase section */
		71DDE9EC2E80F938006C47C4 /* Frameworks */ = {
			isa = PBXFrameworksBuildPhase;
			buildActionMask = 2147483647;
			files = (
			);
			runOnlyForDeploymentPostprocessing = 0;
		};
		71DDE9FC2E80F938006C47C4 /* Frameworks */ = {
			isa = PBXFrameworksBuildPhase;
			buildActionMask = 2147483647;
			files = (
			);
			runOnlyForDeploymentPostprocessing = 0;
		};
		71DDEA062E80F938006C47C4 /* Frameworks */ = {
			isa = PBXFrameworksBuildPhase;
			buildActionMask = 2147483647;
			files = (
			);
			runOnlyForDeploymentPostprocessing = 0;
		};
/* End PBXFrameworksBuildPhase section */

/* Begin PBXGroup section */
		71DDE9E62E80F938006C47C4 = {
			isa = PBXGroup;
			children = (
				71DDE9F12E80F938006C47C4 /* flagsQuiz */,
				71DDEA022E80F938006C47C4 /* flagsQuizTests */,
				71DDEA0C2E80F938006C47C4 /* flagsQuizUITests */,
				71DDE9F02E80F938006C47C4 /* Products */,
			);
			sourceTree = "<group>";
		};
		71DDE9F02E80F938006C47C4 /* Products */ = {
			isa = PBXGroup;
			children = (
				71DDE9EF2E80F938006C47C4 /* flagsQuiz.app */,
				71DDE9FF2E80F938006C47C4 /* flagsQuizTests.xctest */,
				71DDEA092E80F938006C47C4 /* flagsQuizUITests.xctest */,
			);
			name = Products;
			sourceTree = "<group>";
		};
/* End PBXGroup section */

/* Begin PBXNativeTarget section */
		71DDE9EE2E80F938006C47C4 /* flagsQuiz */ = {
			isa = PBXNativeTarget;
			buildConfigurationList = 71DDEA132E80F938006C47C4 /* Build configuration list for PBXNativeTarget "flagsQuiz" */;
			buildPhases = (
				71DDE9EB2E80F938006C47C4 /* Sources */,
				71DDE9EC2E80F938006C47C4 /* Frameworks */,
				71DDE9ED2E80F938006C47C4 /* Resources */,
			);
			buildRules = (
			);
			dependencies = (
			);
			fileSystemSynchronizedGroups = (
				71DDE9F12E80F938006C47C4 /* flagsQuiz */,
			);
			name = flagsQuiz;
			packageProductDependencies = (
			);
			productName = flagsQuiz;
			productReference = 71DDE9EF2E80F938006C47C4 /* flagsQuiz.app */;
			productType = "com.apple.product-type.application";
		};
		71DDE9FE2E80F938006C47C4 /* flagsQuizTests */ = {
			isa = PBXNativeTarget;
			buildConfigurationList = 71DDEA162E80F938006C47C4 /* Build configuration list for PBXNativeTarget "flagsQuizTests" */;
			buildPhases = (
				71DDE9FB2E80F938006C47C4 /* Sources */,
				71DDE9FC2E80F938006C47C4 /* Frameworks */,
				71DDE9FD2E80F938006C47C4 /* Resources */,
			);
			buildRules = (
			);
			dependencies = (
				71DDEA012E80F938006C47C4 /* PBXTargetDependency */,
			);
			fileSystemSynchronizedGroups = (
				71DDEA022E80F938006C47C4 /* flagsQuizTests */,
			);
			name = flagsQuizTests;
			packageProductDependencies = (
			);
			productName = flagsQuizTests;
			productReference = 71DDE9FF2E80F938006C47C4 /* flagsQuizTests.xctest */;
			productType = "com.apple.product-type.bundle.unit-test";
		};
		71DDEA082E80F938006C47C4 /* flagsQuizUITests */ = {
			isa = PBXNativeTarget;
			buildConfigurationList = 71DDEA192E80F938006C47C4 /* Build configuration list for PBXNativeTarget "flagsQuizUITests" */;
			buildPhases = (
				71DDEA052E80F938006C47C4 /* Sources */,
				71DDEA062E80F938006C47C4 /* Frameworks */,
				71DDEA072E80F938006C47C4 /* Resources */,
			);
			buildRules = (
			);
			dependencies = (
				71DDEA0B2E80F938006C47C4 /* PBXTargetDependency */,
			);
			fileSystemSynchronizedGroups = (
				71DDEA0C2E80F938006C47C4 /* flagsQuizUITests */,
			);
			name = flagsQuizUITests;
			packageProductDependencies = (
			);
			productName = flagsQuizUITests;
			productReference = 71DDEA092E80F938006C47C4 /* flagsQuizUITests.xctest */;
			productType = "com.apple.product-type.bundle.ui-testing";
		};
/* End PBXNativeTarget section */

/* Begin PBXProject section */
		71DDE9E72E80F938006C47C4 /* Project object */ = {
			isa = PBXProject;
			attributes = {
				BuildIndependentTargetsInParallel = 1;
				LastSwiftUpdateCheck = 1620;
				LastUpgradeCheck = 1620;
				TargetAttributes = {
					71DDE9EE2E80F938006C47C4 = {
						CreatedOnToolsVersion = 16.2;
					};
					71DDE9FE2E80F938006C47C4 = {
						CreatedOnToolsVersion = 16.2;
						TestTargetID = 71DDE9EE2E80F938006C47C4;
					};
					71DDEA082E80F938006C47C4 = {
						CreatedOnToolsVersion = 16.2;
						TestTargetID = 71DDE9EE2E80F938006C47C4;
					};
				};
			};
			buildConfigurationList = 71DDE9EA2E80F938006C47C4 /* Build configuration list for PBXProject "flagsQuiz" */;
			developmentRegion = en;
			hasScannedForEncodings = 0;
			knownRegions = (
				en,
				Base,
			);
			mainGroup = 71DDE9E62E80F938006C47C4;
			minimizedProjectReferenceProxies = 1;
			preferredProjectObjectVersion = 77;
			productRefGroup = 71DDE9F02E80F938006C47C4 /* Products */;
			projectDirPath = "";
			projectRoot = "";
			targets = (
				71DDE9EE2E80F938006C47C4 /* flagsQuiz */,
				71DDE9FE2E80F938006C47C4 /* flagsQuizTests */,
				71DDEA082E80F938006C47C4 /* flagsQuizUITests */,
			);
		};
/* End PBXProject section */

/* Begin PBXResourcesBuildPhase section */
		71DDE9ED2E80F938006C47C4 /* Resources */ = {
			isa = PBXResourcesBuildPhase;
			buildActionMask = 2147483647;
			files = (
			);
			runOnlyForDeploymentPostprocessing = 0;
		};
		71DDE9FD2E80F938006C47C4 /* Resources */ = {
			isa = PBXResourcesBuildPhase;
			buildActionMask = 2147483647;
			files = (
			);
			runOnlyForDeploymentPostprocessing = 0;
		};
		71DDEA072E80F938006C47C4 /* Resources */ = {
			isa = PBXResourcesBuildPhase;
			buildActionMask = 2147483647;
			files = (
			);
			runOnlyForDeploymentPostprocessing = 0;
		};
/* End PBXResourcesBuildPhase section */

/* Begin PBXSourcesBuildPhase section */
		71DDE9EB2E80F938006C47C4 /* Sources */ = {
			isa = PBXSourcesBuildPhase;
			buildActionMask = 2147483647;
			files = (
			);
			runOnlyForDeploymentPostprocessing = 0;
		};
		71DDE9FB2E80F938006C47C4 /* Sources */ = {
			isa = PBXSourcesBuildPhase;
			buildActionMask = 2147483647;
			files = (
			);
			runOnlyForDeploymentPostprocessing = 0;
		};
		71DDEA052E80F938006C47C4 /* Sources */ = {
			isa = PBXSourcesBuildPhase;
			buildActionMask = 2147483647;
			files = (
			);
			runOnlyForDeploymentPostprocessing = 0;
		};
/* End PBXSourcesBuildPhase section */

/* Begin PBXTargetDependency section */
		71DDEA012E80F938006C47C4 /* PBXTargetDependency */ = {
			isa = PBXTargetDependency;
			target = 71DDE9EE2E80F938006C47C4 /* flagsQuiz */;
			targetProxy = 71DDEA002E80F938006C47C4 /* PBXContainerItemProxy */;
		};
		71DDEA0B2E80F938006C47C4 /* PBXTargetDependency */ = {
			isa = PBXTargetDependency;
			target = 71DDE9EE2E80F938006C47C4 /* flagsQuiz */;
			targetProxy = 71DDEA0A2E80F938006C47C4 /* PBXContainerItemProxy */;
		};
/* End PBXTargetDependency section */

/* Begin XCBuildConfiguration section */
		71DDEA112E80F938006C47C4 /* Debug */ = {
			isa = XCBuildConfiguration;
			buildSettings = {
				ALWAYS_SEARCH_USER_PATHS = NO;
				ASSETCATALOG_COMPILER_GENERATE_SWIFT_ASSET_SYMBOL_EXTENSIONS = YES;
				CLANG_ANALYZER_NONNULL = YES;
				CLANG_ANALYZER_NUMBER_OBJECT_CONVERSION = YES_AGGRESSIVE;
				CLANG_CXX_LANGUAGE_STANDARD = "gnu++20";
				CLANG_ENABLE_MODULES = YES;
				CLANG_ENABLE_OBJC_ARC = YES;
				CLANG_ENABLE_OBJC_WEAK = YES;
				CLANG_WARN_BLOCK_CAPTURE_AUTORELEASING = YES;
				CLANG_WARN_BOOL_CONVERSION = YES;
				CLANG_WARN_COMMA = YES;
				CLANG_WARN_CONSTANT_CONVERSION = YES;
				CLANG_WARN_DEPRECATED_OBJC_IMPLEMENTATIONS = YES;
				CLANG_WARN_DIRECT_OBJC_ISA_USAGE = YES_ERROR;
				CLANG_WARN_DOCUMENTATION_COMMENTS = YES;
				CLANG_WARN_EMPTY_BODY = YES;
				CLANG_WARN_ENUM_CONVERSION = YES;
				CLANG_WARN_INFINITE_RECURSION = YES;
				CLANG_WARN_INT_CONVERSION = YES;
				CLANG_WARN_NON_LITERAL_NULL_CONVERSION = YES;
				CLANG_WARN_OBJC_IMPLICIT_RETAIN_SELF = YES;
				CLANG_WARN_OBJC_LITERAL_CONVERSION = YES;
				CLANG_WARN_OBJC_ROOT_CLASS = YES_ERROR;
				CLANG_WARN_QUOTED_INCLUDE_IN_FRAMEWORK_HEADER = YES;
				CLANG_WARN_RANGE_LOOP_ANALYSIS = YES;
				CLANG_WARN_STRICT_PROTOTYPES = YES;
				CLANG_WARN_SUSPICIOUS_MOVE = YES;
				CLANG_WARN_UNGUARDED_AVAILABILITY = YES_AGGRESSIVE;
				CLANG_WARN_UNREACHABLE_CODE = YES;
				CLANG_WARN__DUPLICATE_METHOD_MATCH = YES;
				COPY_PHASE_STRIP = NO;
				DEBUG_INFORMATION_FORMAT = dwarf;
				ENABLE_STRICT_OBJC_MSGSEND = YES;
				ENABLE_TESTABILITY = YES;
				ENABLE_USER_SCRIPT_SANDBOXING = YES;
				GCC_C_LANGUAGE_STANDARD = gnu17;
				GCC_DYNAMIC_NO_PIC = NO;
				GCC_NO_COMMON_BLOCKS = YES;
				GCC_OPTIMIZATION_LEVEL = 0;
				GCC_PREPROCESSOR_DEFINITIONS = (
					"DEBUG=1",
					"$(inherited)",
				);
				GCC_WARN_64_TO_32_BIT_CONVERSION = YES;
				GCC_WARN_ABOUT_RETURN_TYPE = YES_ERROR;
				GCC_WARN_UNDECLARED_SELECTOR = YES;
				GCC_WARN_UNINITIALIZED_AUTOS = YES_AGGRESSIVE;
				GCC_WARN_UNUSED_FUNCTION = YES;
				GCC_WARN_UNUSED_VARIABLE = YES;
				IPHONEOS_DEPLOYMENT_TARGET = 18.2;
				LOCALIZATION_PREFERS_STRING_CATALOGS = YES;
				MTL_ENABLE_DEBUG_INFO = INCLUDE_SOURCE;
				MTL_FAST_MATH = YES;
				ONLY_ACTIVE_ARCH = YES;
				SDKROOT = iphoneos;
				SWIFT_ACTIVE_COMPILATION_CONDITIONS = "DEBUG $(inherited)";
				SWIFT_OPTIMIZATION_LEVEL = "-Onone";
			};
			name = Debug;
		};
		71DDEA122E80F938006C47C4 /* Release */ = {
			isa = XCBuildConfiguration;
			buildSettings = {
				ALWAYS_SEARCH_USER_PATHS = NO;
				ASSETCATALOG_COMPILER_GENERATE_SWIFT_ASSET_SYMBOL_EXTENSIONS = YES;
				CLANG_ANALYZER_NONNULL = YES;
				CLANG_ANALYZER_NUMBER_OBJECT_CONVERSION = YES_AGGRESSIVE;
				CLANG_CXX_LANGUAGE_STANDARD = "gnu++20";
				CLANG_ENABLE_MODULES = YES;
				CLANG_ENABLE_OBJC_ARC = YES;
				CLANG_ENABLE_OBJC_WEAK = YES;
				CLANG_WARN_BLOCK_CAPTURE_AUTORELEASING = YES;
				CLANG_WARN_BOOL_CONVERSION = YES;
				CLANG_WARN_COMMA = YES;
				CLANG_WARN_CONSTANT_CONVERSION = YES;
				CLANG_WARN_DEPRECATED_OBJC_IMPLEMENTATIONS = YES;
				CLANG_WARN_DIRECT_OBJC_ISA_USAGE = YES_ERROR;
				CLANG_WARN_DOCUMENTATION_COMMENTS = YES;
				CLANG_WARN_EMPTY_BODY = YES;
				CLANG_WARN_ENUM_CONVERSION = YES;
				CLANG_WARN_INFINITE_RECURSION = YES;
				CLANG_WARN_INT_CONVERSION = YES;
				CLANG_WARN_NON_LITERAL_NULL_CONVERSION = YES;
				CLANG_WARN_OBJC_IMPLICIT_RETAIN_SELF = YES;
				CLANG_WARN_OBJC_LITERAL_CONVERSION = YES;
				CLANG_WARN_OBJC_ROOT_CLASS = YES_ERROR;
				CLANG_WARN_QUOTED_INCLUDE_IN_FRAMEWORK_HEADER = YES;
				CLANG_WARN_RANGE_LOOP_ANALYSIS = YES;
				CLANG_WARN_STRICT_PROTOTYPES = YES;
				CLANG_WARN_SUSPICIOUS_MOVE = YES;
				CLANG_WARN_UNGUARDED_AVAILABILITY = YES_AGGRESSIVE;
				CLANG_WARN_UNREACHABLE_CODE = YES;
				CLANG_WARN__DUPLICATE_METHOD_MATCH = YES;
				COPY_PHASE_STRIP = NO;
				DEBUG_INFORMATION_FORMAT = "dwarf-with-dsym";
				ENABLE_NS_ASSERTIONS = NO;
				ENABLE_STRICT_OBJC_MSGSEND = YES;
				ENABLE_USER_SCRIPT_SANDBOXING = YES;
				GCC_C_LANGUAGE_STANDARD = gnu17;
				GCC_NO_COMMON_BLOCKS = YES;
				GCC_WARN_64_TO_32_BIT_CONVERSION = YES;
				GCC_WARN_ABOUT_RETURN_TYPE = YES_ERROR;
				GCC_WARN_UNDECLARED_SELECTOR = YES;
				GCC_WARN_UNINITIALIZED_AUTOS = YES_AGGRESSIVE;
				GCC_WARN_UNUSED_FUNCTION = YES;
				GCC_WARN_UNUSED_VARIABLE = YES;
				IPHONEOS_DEPLOYMENT_TARGET = 18.2;
				LOCALIZATION_PREFERS_STRING_CATALOGS = YES;
				MTL_ENABLE_DEBUG_INFO = NO;
				MTL_FAST_MATH = YES;
				SDKROOT = iphoneos;
				SWIFT_COMPILATION_MODE = wholemodule;
				VALIDATE_PRODUCT = YES;
			};
			name = Release;
		};
		71DDEA142E80F938006C47C4 /* Debug */ = {
			isa = XCBuildConfiguration;
			buildSettings = {
				ASSETCATALOG_COMPILER_APPICON_NAME = AppIcon;
				ASSETCATALOG_COMPILER_GLOBAL_ACCENT_COLOR_NAME = AccentColor;
				CODE_SIGN_STYLE = Automatic;
				CURRENT_PROJECT_VERSION = 1;
				DEVELOPMENT_ASSET_PATHS = "\"flagsQuiz/Preview Content\"";
				DEVELOPMENT_TEAM = 79UKS3R7YS;
				ENABLE_PREVIEWS = YES;
				GENERATE_INFOPLIST_FILE = YES;
				INFOPLIST_KEY_UIApplicationSceneManifest_Generation = YES;
				INFOPLIST_KEY_UIApplicationSupportsIndirectInputEvents = YES;
				INFOPLIST_KEY_UILaunchScreen_Generation = YES;
				INFOPLIST_KEY_UISupportedInterfaceOrientations_iPad = "UIInterfaceOrientationPortrait UIInterfaceOrientationPortraitUpsideDown UIInterfaceOrientationLandscapeLeft UIInterfaceOrientationLandscapeRight";
				INFOPLIST_KEY_UISupportedInterfaceOrientations_iPhone = "UIInterfaceOrientationPortrait UIInterfaceOrientationLandscapeLeft UIInterfaceOrientationLandscapeRight";
				LD_RUNPATH_SEARCH_PATHS = (
					"$(inherited)",
					"@executable_path/Frameworks",
				);
				MARKETING_VERSION = 1.0;
				PRODUCT_BUNDLE_IDENTIFIER = com.antoineLeCalloch.flagsQuiz;
				PRODUCT_NAME = "$(TARGET_NAME)";
				SWIFT_EMIT_LOC_STRINGS = YES;
				SWIFT_VERSION = 5.0;
				TARGETED_DEVICE_FAMILY = "1,2";
			};
			name = Debug;
		};
		71DDEA152E80F938006C47C4 /* Release */ = {
			isa = XCBuildConfiguration;
			buildSettings = {
				ASSETCATALOG_COMPILER_APPICON_NAME = AppIcon;
				ASSETCATALOG_COMPILER_GLOBAL_ACCENT_COLOR_NAME = AccentColor;
				CODE_SIGN_STYLE = Automatic;
				CURRENT_PROJECT_VERSION = 1;
				DEVELOPMENT_ASSET_PATHS = "\"flagsQuiz/Preview Content\"";
				DEVELOPMENT_TEAM = 79UKS3R7YS;
				ENABLE_PREVIEWS = YES;
				GENERATE_INFOPLIST_FILE = YES;
				INFOPLIST_KEY_UIApplicationSceneManifest_Generation = YES;
				INFOPLIST_KEY_UIApplicationSupportsIndirectInputEvents = YES;
				INFOPLIST_KEY_UILaunchScreen_Generation = YES;
				INFOPLIST_KEY_UISupportedInterfaceOrientations_iPad = "UIInterfaceOrientationPortrait UIInterfaceOrientationPortraitUpsideDown UIInterfaceOrientationLandscapeLeft UIInterfaceOrientationLandscapeRight";
				INFOPLIST_KEY_UISupportedInterfaceOrientations_iPhone = "UIInterfaceOrientationPortrait UIInterfaceOrientationLandscapeLeft UIInterfaceOrientationLandscapeRight";
				LD_RUNPATH_SEARCH_PATHS = (
					"$(inherited)",
					"@executable_path/Frameworks",
				);
				MARKETING_VERSION = 1.0;
				PRODUCT_BUNDLE_IDENTIFIER = com.antoineLeCalloch.flagsQuiz;
				PRODUCT_NAME = "$(TARGET_NAME)";
				SWIFT_EMIT_LOC_STRINGS = YES;
				SWIFT_VERSION = 5.0;
				TARGETED_DEVICE_FAMILY = "1,2";
			};
			name = Release;
		};
		71DDEA172E80F938006C47C4 /* Debug */ = {
			isa = XCBuildConfiguration;
			buildSettings = {
				BUNDLE_LOADER = "$(TEST_HOST)";
				CODE_SIGN_STYLE = Automatic;
				CURRENT_PROJECT_VERSION = 1;
				DEVELOPMENT_TEAM = 79UKS3R7YS;
				GENERATE_INFOPLIST_FILE = YES;
				IPHONEOS_DEPLOYMENT_TARGET = 18.2;
				MARKETING_VERSION = 1.0;
				PRODUCT_BUNDLE_IDENTIFIER = com.antoineLeCalloch.flagsQuizTests;
				PRODUCT_NAME = "$(TARGET_NAME)";
				SWIFT_EMIT_LOC_STRINGS = NO;
				SWIFT_VERSION = 5.0;
				TARGETED_DEVICE_FAMILY = "1,2";
				TEST_HOST = "$(BUILT_PRODUCTS_DIR)/flagsQuiz.app/$(BUNDLE_EXECUTABLE_FOLDER_PATH)/flagsQuiz";
			};
			name = Debug;
		};
		71DDEA182E80F938006C47C4 /* Release */ = {
			isa = XCBuildConfiguration;
			buildSettings = {
				BUNDLE_LOADER = "$(TEST_HOST)";
				CODE_SIGN_STYLE = Automatic;
				CURRENT_PROJECT_VERSION = 1;
				DEVELOPMENT_TEAM = 79UKS3R7YS;
				GENERATE_INFOPLIST_FILE = YES;
				IPHONEOS_DEPLOYMENT_TARGET = 18.2;
				MARKETING_VERSION = 1.0;
				PRODUCT_BUNDLE_IDENTIFIER = com.antoineLeCalloch.flagsQuizTests;
				PRODUCT_NAME = "$(TARGET_NAME)";
				SWIFT_EMIT_LOC_STRINGS = NO;
				SWIFT_VERSION = 5.0;
				TARGETED_DEVICE_FAMILY = "1,2";
				TEST_HOST = "$(BUILT_PRODUCTS_DIR)/flagsQuiz.app/$(BUNDLE_EXECUTABLE_FOLDER_PATH)/flagsQuiz";
			};
			name = Release;
		};
		71DDEA1A2E80F938006C47C4 /* Debug */ = {
			isa = XCBuildConfiguration;
			buildSettings = {
				CODE_SIGN_STYLE = Automatic;
				CURRENT_PROJECT_VERSION = 1;
				DEVELOPMENT_TEAM = 79UKS3R7YS;
				GENERATE_INFOPLIST_FILE = YES;
				MARKETING_VERSION = 1.0;
				PRODUCT_BUNDLE_IDENTIFIER = com.antoineLeCalloch.flagsQuizUITests;
				PRODUCT_NAME = "$(TARGET_NAME)";
				SWIFT_EMIT_LOC_STRINGS = NO;
				SWIFT_VERSION = 5.0;
				TARGETED_DEVICE_FAMILY = "1,2";
				TEST_TARGET_NAME = flagsQuiz;
			};
			name = Debug;
		};
		71DDEA1B2E80F938006C47C4 /* Release */ = {
			isa = XCBuildConfiguration;
			buildSettings = {
				CODE_SIGN_STYLE = Automatic;
				CURRENT_PROJECT_VERSION = 1;
				DEVELOPMENT_TEAM = 79UKS3R7YS;
				GENERATE_INFOPLIST_FILE = YES;
				MARKETING_VERSION = 1.0;
				PRODUCT_BUNDLE_IDENTIFIER = com.antoineLeCalloch.flagsQuizUITests;
				PRODUCT_NAME = "$(TARGET_NAME)";
				SWIFT_EMIT_LOC_STRINGS = NO;
				SWIFT_VERSION = 5.0;
				TARGETED_DEVICE_FAMILY = "1,2";
				TEST_TARGET_NAME = flagsQuiz;
			};
			name = Release;
		};
/* End XCBuildConfiguration section */

/* Begin XCConfigurationList section */
		71DDE9EA2E80F938006C47C4 /* Build configuration list for PBXProject "flagsQuiz" */ = {
			isa = XCConfigurationList;
			buildConfigurations = (
				71DDEA112E80F938006C47C4 /* Debug */,
				71DDEA122E80F938006C47C4 /* Release */,
			);
			defaultConfigurationIsVisible = 0;
			defaultConfigurationName = Release;
		};
		71DDEA132E80F938006C47C4 /* Build configuration list for PBXNativeTarget "flagsQuiz" */ = {
			isa = XCConfigurationList;
			buildConfigurations = (
				71DDEA142E80F938006C47C4 /* Debug */,
				71DDEA152E80F938006C47C4 /* Release */,
			);
			defaultConfigurationIsVisible = 0;
			defaultConfigurationName = Release;
		};
		71DDEA162E80F938006C47C4 /* Build configuration list for PBXNativeTarget "flagsQuizTests" */ = {
			isa = XCConfigurationList;
			buildConfigurations = (
				71DDEA172E80F938006C47C4 /* Debug */,
				71DDEA182E80F938006C47C4 /* Release */,
			);
			defaultConfigurationIsVisible = 0;
			defaultConfigurationName = Release;
		};
		71DDEA192E80F938006C47C4 /* Build configuration list for PBXNativeTarget "flagsQuizUITests" */ = {
			isa = XCConfigurationList;
			buildConfigurations = (
				71DDEA1A2E80F938006C47C4 /* Debug */,
				71DDEA1B2E80F938006C47C4 /* Release */,
			);
			defaultConfigurationIsVisible = 0;
			defaultConfigurationName = Release;
		};
/* End XCConfigurationList section */
	};
	rootObject = 71DDE9E72E80F938006C47C4 /* Project object */;
}
